
Microsoft Visual Studio Solution File, Format Version 12.00
# Visual Studio Version 17
VisualStudioVersion = 17.11.35303.130
MinimumVisualStudioVersion = 10.0.40219.1
Project("{FAE04EC0-301F-11D3-BF4B-00C04F79EFBC}") = "SalesWebMvc", "SalesWebMvc\SalesWebMvc.csproj", "{BA3F045D-8546-4C52-A119-D66A11D6E70B}"
EndProject
Global
	GlobalSection(SolutionConfigurationPlatforms) = preSolution
		Debug|Any CPU = Debug|Any CPU
		Release|Any CPU = Release|Any CPU
	EndGlobalSection
	GlobalSection(ProjectConfigurationPlatforms) = postSolution
		{BA3F045D-8546-4C52-A119-D66A11D6E70B}.Debug|Any CPU.ActiveCfg = Debug|Any CPU
		{BA3F045D-8546-4C52-A119-D66A11D6E70B}.Debug|Any CPU.Build.0 = Debug|Any CPU
		{BA3F045D-8546-4C52-A119-D66A11D6E70B}.Release|Any CPU.ActiveCfg = Release|Any CPU
		{BA3F045D-8546-4C52-A119-D66A11D6E70B}.Release|Any CPU.Build.0 = Release|Any CPU
	EndGlobalSection
	GlobalSection(SolutionProperties) = preSolution
		HideSolutionNode = FALSE
	EndGlobalSection
	GlobalSection(ExtensibilityGlobals) = postSolution
		SolutionGuid = {F66F5418-AF93-4640-8E8C-E7D2545C2736}
	EndGlobalSection
EndGlobal
